
Microsoft Visual Studio Solution File, Format Version 12.00
# Visual Studio Version 17
VisualStudioVersion = 17.4.33205.214
MinimumVisualStudioVersion = 10.0.40219.1
Project("{FAE04EC0-301F-11D3-BF4B-00C04F79EFBC}") = "E-PrFinance", "E-PrFinance\E-PrFinance.csproj", "{1E1ABA90-5D06-4B94-83F3-F5EA7A7C29CE}"
EndProject
Project("{FAE04EC0-301F-11D3-BF4B-00C04F79EFBC}") = "E-PrFinance.Data", "E-PrFinance.Data\E-PrFinance.Data.csproj", "{5F6AD818-6014-49E0-A29E-367361A99E4D}"
EndProject
Project("{FAE04EC0-301F-11D3-BF4B-00C04F79EFBC}") = "E-PrFinance.Domain", "E-PrFinance.Domain\E-PrFinance.Domain.csproj", "{55D69C13-1F4F-4C66-8D24-4F20243C3723}"
EndProject
Project("{FAE04EC0-301F-11D3-BF4B-00C04F79EFBC}") = "E-PrFinance.Service", "E-PrFinance.Service\E-PrFinance.Service.csproj", "{D7467282-8F62-45D1-AC81-2140D8AA0D0B}"
EndProject
Global
	GlobalSection(SolutionConfigurationPlatforms) = preSolution
		Debug|Any CPU = Debug|Any CPU
		Release|Any CPU = Release|Any CPU
	EndGlobalSection
	GlobalSection(ProjectConfigurationPlatforms) = postSolution
		{1E1ABA90-5D06-4B94-83F3-F5EA7A7C29CE}.Debug|Any CPU.ActiveCfg = Debug|Any CPU
		{1E1ABA90-5D06-4B94-83F3-F5EA7A7C29CE}.Debug|Any CPU.Build.0 = Debug|Any CPU
		{1E1ABA90-5D06-4B94-83F3-F5EA7A7C29CE}.Release|Any CPU.ActiveCfg = Release|Any CPU
		{1E1ABA90-5D06-4B94-83F3-F5EA7A7C29CE}.Release|Any CPU.Build.0 = Release|Any CPU
		{5F6AD818-6014-49E0-A29E-367361A99E4D}.Debug|Any CPU.ActiveCfg = Debug|Any CPU
		{5F6AD818-6014-49E0-A29E-367361A99E4D}.Debug|Any CPU.Build.0 = Debug|Any CPU
		{5F6AD818-6014-49E0-A29E-367361A99E4D}.Release|Any CPU.ActiveCfg = Release|Any CPU
		{5F6AD818-6014-49E0-A29E-367361A99E4D}.Release|Any CPU.Build.0 = Release|Any CPU
		{55D69C13-1F4F-4C66-8D24-4F20243C3723}.Debug|Any CPU.ActiveCfg = Debug|Any CPU
		{55D69C13-1F4F-4C66-8D24-4F20243C3723}.Debug|Any CPU.Build.0 = Debug|Any CPU
		{55D69C13-1F4F-4C66-8D24-4F20243C3723}.Release|Any CPU.ActiveCfg = Release|Any CPU
		{55D69C13-1F4F-4C66-8D24-4F20243C3723}.Release|Any CPU.Build.0 = Release|Any CPU
		{D7467282-8F62-45D1-AC81-2140D8AA0D0B}.Debug|Any CPU.ActiveCfg = Debug|Any CPU
		{D7467282-8F62-45D1-AC81-2140D8AA0D0B}.Debug|Any CPU.Build.0 = Debug|Any CPU
		{D7467282-8F62-45D1-AC81-2140D8AA0D0B}.Release|Any CPU.ActiveCfg = Release|Any CPU
		{D7467282-8F62-45D1-AC81-2140D8AA0D0B}.Release|Any CPU.Build.0 = Release|Any CPU
	EndGlobalSection
	GlobalSection(SolutionProperties) = preSolution
		HideSolutionNode = FALSE
	EndGlobalSection
	GlobalSection(ExtensibilityGlobals) = postSolution
		SolutionGuid = {7F0923FD-F962-4F10-8F22-C164F40A55C4}
	EndGlobalSection
EndGlobal
